
Microsoft Visual Studio Solution File, Format Version 12.00
# Visual Studio 2013
VisualStudioVersion = 12.0.30723.0
MinimumVisualStudioVersion = 10.0.40219.1
Project("{FAE04EC0-301F-11D3-BF4B-00C04F79EFBC}") = "TestFramework.Core", "TestFramework.Core\TestFramework.Core.csproj", "{E633A8A2-559F-4577-B3BF-C575A505559C}"
EndProject
Project("{FAE04EC0-301F-11D3-BF4B-00C04F79EFBC}") = "MonopolyGame.Core", "MonopolyGame.Core\MonopolyGame.Core.csproj", "{1E3817D0-0681-4107-B92E-81B3C5AFFC26}"
EndProject
Project("{FAE04EC0-301F-11D3-BF4B-00C04F79EFBC}") = "MonopolyGame.Tests", "MonopolyGame.Tests\MonopolyGame.Tests.csproj", "{1218B23D-6B7E-4D47-94AF-E97B0E7EEF40}"
EndProject
Global
	GlobalSection(SolutionConfigurationPlatforms) = preSolution
		Debug|Any CPU = Debug|Any CPU
		Release|Any CPU = Release|Any CPU
	EndGlobalSection
	GlobalSection(ProjectConfigurationPlatforms) = postSolution
		{E633A8A2-559F-4577-B3BF-C575A505559C}.Debug|Any CPU.ActiveCfg = Debug|Any CPU
		{E633A8A2-559F-4577-B3BF-C575A505559C}.Debug|Any CPU.Build.0 = Debug|Any CPU
		{E633A8A2-559F-4577-B3BF-C575A505559C}.Release|Any CPU.ActiveCfg = Release|Any CPU
		{E633A8A2-559F-4577-B3BF-C575A505559C}.Release|Any CPU.Build.0 = Release|Any CPU
		{1E3817D0-0681-4107-B92E-81B3C5AFFC26}.Debug|Any CPU.ActiveCfg = Debug|Any CPU
		{1E3817D0-0681-4107-B92E-81B3C5AFFC26}.Debug|Any CPU.Build.0 = Debug|Any CPU
		{1E3817D0-0681-4107-B92E-81B3C5AFFC26}.Release|Any CPU.ActiveCfg = Release|Any CPU
		{1E3817D0-0681-4107-B92E-81B3C5AFFC26}.Release|Any CPU.Build.0 = Release|Any CPU
		{1218B23D-6B7E-4D47-94AF-E97B0E7EEF40}.Debug|Any CPU.ActiveCfg = Debug|Any CPU
		{1218B23D-6B7E-4D47-94AF-E97B0E7EEF40}.Debug|Any CPU.Build.0 = Debug|Any CPU
		{1218B23D-6B7E-4D47-94AF-E97B0E7EEF40}.Release|Any CPU.ActiveCfg = Release|Any CPU
		{1218B23D-6B7E-4D47-94AF-E97B0E7EEF40}.Release|Any CPU.Build.0 = Release|Any CPU
	EndGlobalSection
	GlobalSection(SolutionProperties) = preSolution
		HideSolutionNode = FALSE
	EndGlobalSection
EndGlobal
