
Microsoft Visual Studio Solution File, Format Version 12.00
# Visual Studio 2013
VisualStudioVersion = 12.0.30723.0
MinimumVisualStudioVersion = 10.0.40219.1
Project("{FAE04EC0-301F-11D3-BF4B-00C04F79EFBC}") = "T01.NumberOfOccurrences", "NumberOfOccurrences\T01.NumberOfOccurrences.csproj", "{98EF6FAE-0B7B-434B-803D-F5BA7B0CDE18}"
EndProject
Project("{FAE04EC0-301F-11D3-BF4B-00C04F79EFBC}") = "T02.FindOddOccurences", "FindOddOccurences\T02.FindOddOccurences.csproj", "{38515058-82F8-4F53-9622-86D120F96875}"
EndProject
Project("{FAE04EC0-301F-11D3-BF4B-00C04F79EFBC}") = "T03.CountWordRepetitions", "CountWordRepetitions\T03.CountWordRepetitions.csproj", "{5B547033-0F3D-49C5-AC4C-803C5BA2D80F}"
EndProject
Project("{2150E333-8FDC-42A3-9474-1A3956D46DE8}") = "HashTable", "HashTable", "{A55E2657-ED77-4AB6-8224-146AF3D05C9D}"
EndProject
Project("{FAE04EC0-301F-11D3-BF4B-00C04F79EFBC}") = "HashTableImplementation", "HashTableImplementation\HashTableImplementation.csproj", "{375CBB91-26C2-4872-8B71-FF63B6D712A7}"
EndProject
Project("{FAE04EC0-301F-11D3-BF4B-00C04F79EFBC}") = "HashTableTestApp", "HashTableTestApp\HashTableTestApp.csproj", "{AD060473-F084-48D6-ABDB-EDD67AF4B59D}"
EndProject
Global
	GlobalSection(SolutionConfigurationPlatforms) = preSolution
		Debug|Any CPU = Debug|Any CPU
		Release|Any CPU = Release|Any CPU
	EndGlobalSection
	GlobalSection(ProjectConfigurationPlatforms) = postSolution
		{98EF6FAE-0B7B-434B-803D-F5BA7B0CDE18}.Debug|Any CPU.ActiveCfg = Debug|Any CPU
		{98EF6FAE-0B7B-434B-803D-F5BA7B0CDE18}.Debug|Any CPU.Build.0 = Debug|Any CPU
		{98EF6FAE-0B7B-434B-803D-F5BA7B0CDE18}.Release|Any CPU.ActiveCfg = Release|Any CPU
		{98EF6FAE-0B7B-434B-803D-F5BA7B0CDE18}.Release|Any CPU.Build.0 = Release|Any CPU
		{38515058-82F8-4F53-9622-86D120F96875}.Debug|Any CPU.ActiveCfg = Debug|Any CPU
		{38515058-82F8-4F53-9622-86D120F96875}.Debug|Any CPU.Build.0 = Debug|Any CPU
		{38515058-82F8-4F53-9622-86D120F96875}.Release|Any CPU.ActiveCfg = Release|Any CPU
		{38515058-82F8-4F53-9622-86D120F96875}.Release|Any CPU.Build.0 = Release|Any CPU
		{5B547033-0F3D-49C5-AC4C-803C5BA2D80F}.Debug|Any CPU.ActiveCfg = Debug|Any CPU
		{5B547033-0F3D-49C5-AC4C-803C5BA2D80F}.Debug|Any CPU.Build.0 = Debug|Any CPU
		{5B547033-0F3D-49C5-AC4C-803C5BA2D80F}.Release|Any CPU.ActiveCfg = Release|Any CPU
		{5B547033-0F3D-49C5-AC4C-803C5BA2D80F}.Release|Any CPU.Build.0 = Release|Any CPU
		{375CBB91-26C2-4872-8B71-FF63B6D712A7}.Debug|Any CPU.ActiveCfg = Debug|Any CPU
		{375CBB91-26C2-4872-8B71-FF63B6D712A7}.Debug|Any CPU.Build.0 = Debug|Any CPU
		{375CBB91-26C2-4872-8B71-FF63B6D712A7}.Release|Any CPU.ActiveCfg = Release|Any CPU
		{375CBB91-26C2-4872-8B71-FF63B6D712A7}.Release|Any CPU.Build.0 = Release|Any CPU
		{AD060473-F084-48D6-ABDB-EDD67AF4B59D}.Debug|Any CPU.ActiveCfg = Debug|Any CPU
		{AD060473-F084-48D6-ABDB-EDD67AF4B59D}.Debug|Any CPU.Build.0 = Debug|Any CPU
		{AD060473-F084-48D6-ABDB-EDD67AF4B59D}.Release|Any CPU.ActiveCfg = Release|Any CPU
		{AD060473-F084-48D6-ABDB-EDD67AF4B59D}.Release|Any CPU.Build.0 = Release|Any CPU
	EndGlobalSection
	GlobalSection(SolutionProperties) = preSolution
		HideSolutionNode = FALSE
	EndGlobalSection
	GlobalSection(NestedProjects) = preSolution
		{375CBB91-26C2-4872-8B71-FF63B6D712A7} = {A55E2657-ED77-4AB6-8224-146AF3D05C9D}
		{AD060473-F084-48D6-ABDB-EDD67AF4B59D} = {A55E2657-ED77-4AB6-8224-146AF3D05C9D}
	EndGlobalSection
EndGlobal
