
Microsoft Visual Studio Solution File, Format Version 12.00
# Visual Studio 2013
VisualStudioVersion = 12.0.30723.0
MinimumVisualStudioVersion = 10.0.40219.1
Project("{FAE04EC0-301F-11D3-BF4B-00C04F79EFBC}") = "TelerikAcademyDb", "TelerikAcademyDb\TelerikAcademyDb.csproj", "{B64EF8F8-3508-4ED4-BABD-3E4D185B06CB}"
EndProject
Project("{FAE04EC0-301F-11D3-BF4B-00C04F79EFBC}") = "T01.NplusOneProblem", "NplusOneProblem\T01.NplusOneProblem.csproj", "{C51C596D-508E-417D-B7B6-A67AAB830B05}"
EndProject
Project("{FAE04EC0-301F-11D3-BF4B-00C04F79EFBC}") = "PrintEmployeesFromSofia", "PrintEmployeesFromSofia\PrintEmployeesFromSofia.csproj", "{FFBEFE71-B723-4676-AC57-88ABF73F5162}"
EndProject
Project("{2150E333-8FDC-42A3-9474-1A3956D46DE8}") = ".nuget", ".nuget", "{53A9ECD9-44FC-44E9-AE79-5B5636355C1A}"
	ProjectSection(SolutionItems) = preProject
		.nuget\NuGet.Config = .nuget\NuGet.Config
		.nuget\NuGet.exe = .nuget\NuGet.exe
		.nuget\NuGet.targets = .nuget\NuGet.targets
	EndProjectSection
EndProject
Global
	GlobalSection(SolutionConfigurationPlatforms) = preSolution
		Debug|Any CPU = Debug|Any CPU
		Release|Any CPU = Release|Any CPU
	EndGlobalSection
	GlobalSection(ProjectConfigurationPlatforms) = postSolution
		{B64EF8F8-3508-4ED4-BABD-3E4D185B06CB}.Debug|Any CPU.ActiveCfg = Debug|Any CPU
		{B64EF8F8-3508-4ED4-BABD-3E4D185B06CB}.Debug|Any CPU.Build.0 = Debug|Any CPU
		{B64EF8F8-3508-4ED4-BABD-3E4D185B06CB}.Release|Any CPU.ActiveCfg = Release|Any CPU
		{B64EF8F8-3508-4ED4-BABD-3E4D185B06CB}.Release|Any CPU.Build.0 = Release|Any CPU
		{C51C596D-508E-417D-B7B6-A67AAB830B05}.Debug|Any CPU.ActiveCfg = Debug|Any CPU
		{C51C596D-508E-417D-B7B6-A67AAB830B05}.Debug|Any CPU.Build.0 = Debug|Any CPU
		{C51C596D-508E-417D-B7B6-A67AAB830B05}.Release|Any CPU.ActiveCfg = Release|Any CPU
		{C51C596D-508E-417D-B7B6-A67AAB830B05}.Release|Any CPU.Build.0 = Release|Any CPU
		{FFBEFE71-B723-4676-AC57-88ABF73F5162}.Debug|Any CPU.ActiveCfg = Debug|Any CPU
		{FFBEFE71-B723-4676-AC57-88ABF73F5162}.Debug|Any CPU.Build.0 = Debug|Any CPU
		{FFBEFE71-B723-4676-AC57-88ABF73F5162}.Release|Any CPU.ActiveCfg = Release|Any CPU
		{FFBEFE71-B723-4676-AC57-88ABF73F5162}.Release|Any CPU.Build.0 = Release|Any CPU
	EndGlobalSection
	GlobalSection(SolutionProperties) = preSolution
		HideSolutionNode = FALSE
	EndGlobalSection
EndGlobal
