
Microsoft Visual Studio Solution File, Format Version 12.00
# Visual Studio 2013
VisualStudioVersion = 12.0.21005.1
MinimumVisualStudioVersion = 10.0.40219.1
Project("{FAE04EC0-301F-11D3-BF4B-00C04F79EFBC}") = "Ex01.Shapes", "Shapes\Ex01.Shapes.csproj", "{B6F19C8A-7E10-4DC3-BCB7-6DEDCF6748FD}"
EndProject
Project("{FAE04EC0-301F-11D3-BF4B-00C04F79EFBC}") = "Ex02.Bank", "Bank\Ex02.Bank.csproj", "{564176F8-8F2F-47E6-AFC5-648DF3949A14}"
EndProject
Project("{FAE04EC0-301F-11D3-BF4B-00C04F79EFBC}") = "Ex03.CustomExeption", "CustomExeption\Ex03.CustomExeption.csproj", "{9E2747C3-932F-4ECD-AED0-BA1A8F8E7F2F}"
EndProject
Global
	GlobalSection(SolutionConfigurationPlatforms) = preSolution
		Debug|Any CPU = Debug|Any CPU
		Release|Any CPU = Release|Any CPU
	EndGlobalSection
	GlobalSection(ProjectConfigurationPlatforms) = postSolution
		{B6F19C8A-7E10-4DC3-BCB7-6DEDCF6748FD}.Debug|Any CPU.ActiveCfg = Debug|Any CPU
		{B6F19C8A-7E10-4DC3-BCB7-6DEDCF6748FD}.Debug|Any CPU.Build.0 = Debug|Any CPU
		{B6F19C8A-7E10-4DC3-BCB7-6DEDCF6748FD}.Release|Any CPU.ActiveCfg = Release|Any CPU
		{B6F19C8A-7E10-4DC3-BCB7-6DEDCF6748FD}.Release|Any CPU.Build.0 = Release|Any CPU
		{564176F8-8F2F-47E6-AFC5-648DF3949A14}.Debug|Any CPU.ActiveCfg = Debug|Any CPU
		{564176F8-8F2F-47E6-AFC5-648DF3949A14}.Debug|Any CPU.Build.0 = Debug|Any CPU
		{564176F8-8F2F-47E6-AFC5-648DF3949A14}.Release|Any CPU.ActiveCfg = Release|Any CPU
		{564176F8-8F2F-47E6-AFC5-648DF3949A14}.Release|Any CPU.Build.0 = Release|Any CPU
		{9E2747C3-932F-4ECD-AED0-BA1A8F8E7F2F}.Debug|Any CPU.ActiveCfg = Debug|Any CPU
		{9E2747C3-932F-4ECD-AED0-BA1A8F8E7F2F}.Debug|Any CPU.Build.0 = Debug|Any CPU
		{9E2747C3-932F-4ECD-AED0-BA1A8F8E7F2F}.Release|Any CPU.ActiveCfg = Release|Any CPU
		{9E2747C3-932F-4ECD-AED0-BA1A8F8E7F2F}.Release|Any CPU.Build.0 = Release|Any CPU
	EndGlobalSection
	GlobalSection(SolutionProperties) = preSolution
		HideSolutionNode = FALSE
	EndGlobalSection
EndGlobal
